
Microsoft Visual Studio Solution File, Format Version 12.00
# Visual Studio Version 17
VisualStudioVersion = 17.4.33213.308
MinimumVisualStudioVersion = 10.0.40219.1
Project("{2150E333-8FDC-42A3-9474-1A3956D46DE8}") = "src", "src", "{059333C9-9855-4A6E-9C44-6B863A7A32F3}"
EndProject
Project("{2150E333-8FDC-42A3-9474-1A3956D46DE8}") = "Web", "Web", "{B706B284-D141-4B93-9E17-FCEF815B6FAC}"
EndProject
Project("{9A19103F-16F7-4668-BE54-9A1E7A4F7556}") = "Web.Api", "src\Web\Web.Api\Web.Api.csproj", "{0125F061-83AC-4AC0-A2E6-B12ED4678994}"
EndProject
Project("{2150E333-8FDC-42A3-9474-1A3956D46DE8}") = "Entities", "Entities", "{8866A335-443C-445C-AA2C-090608DAF856}"
	ProjectSection(SolutionItems) = preProject
		src\Entities\Entities\Models\Game.cs = src\Entities\Entities\Models\Game.cs
	EndProjectSection
EndProject
Project("{9A19103F-16F7-4668-BE54-9A1E7A4F7556}") = "Entities", "src\Entities\Entities\Entities.csproj", "{E781A42E-BC7A-468E-9439-D43D675C1331}"
EndProject
Project("{2150E333-8FDC-42A3-9474-1A3956D46DE8}") = "Infrastructure.Interfaces", "Infrastructure.Interfaces", "{2D7E64F2-0600-4771-99A7-F93789501CF7}"
EndProject
Project("{9A19103F-16F7-4668-BE54-9A1E7A4F7556}") = "DataAccess.Interfaces", "src\Infrastructure.Interfaces\DataAccess.Interfaces\DataAccess.Interfaces.csproj", "{A8EE00CD-8C30-493D-A45A-3CC195362620}"
EndProject
Project("{2150E333-8FDC-42A3-9474-1A3956D46DE8}") = "Infrastructure.Implementaion", "Infrastructure.Implementaion", "{B8C3B4EF-BFE2-4DE3-A3B1-C121515AD241}"
EndProject
Project("{9A19103F-16F7-4668-BE54-9A1E7A4F7556}") = "DataAccess.MsSql", "src\Infrastructure.Implementaion\DataAccess.MsSql\DataAccess.MsSql.csproj", "{ACBB3145-4C81-4C58-983E-A06B120F0CDA}"
EndProject
Project("{2150E333-8FDC-42A3-9474-1A3956D46DE8}") = "Application", "Application", "{4DED97FC-7D76-4D31-BEB2-328F6FF9DC5B}"
EndProject
Project("{9A19103F-16F7-4668-BE54-9A1E7A4F7556}") = "Application", "src\Application\Application\Application.csproj", "{5C5BEE35-16A5-4D34-A4BF-9ADD6665292D}"
EndProject
Project("{9A19103F-16F7-4668-BE54-9A1E7A4F7556}") = "Application.Interfaces", "src\Application\Application.Interfaces\Application.Interfaces.csproj", "{09088DE0-3A76-4C03-B695-228951370BD3}"
EndProject
Project("{9A19103F-16F7-4668-BE54-9A1E7A4F7556}") = "Application.Implementation", "src\Application\Application.Implementation\Application.Implementation.csproj", "{6BD51323-B03F-4DC4-AAD0-F88DE23FE863}"
EndProject
Project("{9A19103F-16F7-4668-BE54-9A1E7A4F7556}") = "Entities.Interfaces", "src\Entities\Entities.Interfaces\Entities.Interfaces.csproj", "{02DAD318-C5BA-4B77-A600-EE8A4BE35BE7}"
EndProject
Project("{9A19103F-16F7-4668-BE54-9A1E7A4F7556}") = "Entities.Implementations", "src\Entities\Entities.Implementations\Entities.Implementations.csproj", "{B7A4D2CE-1B41-4608-ADEB-8A3B8597C3A2}"
EndProject
Project("{9A19103F-16F7-4668-BE54-9A1E7A4F7556}") = "Web.Client", "src\Web\Web.Client\Web.Client.csproj", "{1D53643E-52BF-40C1-934E-0786855BD0DD}"
EndProject
Global
	GlobalSection(SolutionConfigurationPlatforms) = preSolution
		Debug|Any CPU = Debug|Any CPU
		Release|Any CPU = Release|Any CPU
	EndGlobalSection
	GlobalSection(ProjectConfigurationPlatforms) = postSolution
		{0125F061-83AC-4AC0-A2E6-B12ED4678994}.Debug|Any CPU.ActiveCfg = Debug|Any CPU
		{0125F061-83AC-4AC0-A2E6-B12ED4678994}.Debug|Any CPU.Build.0 = Debug|Any CPU
		{0125F061-83AC-4AC0-A2E6-B12ED4678994}.Release|Any CPU.ActiveCfg = Release|Any CPU
		{0125F061-83AC-4AC0-A2E6-B12ED4678994}.Release|Any CPU.Build.0 = Release|Any CPU
		{E781A42E-BC7A-468E-9439-D43D675C1331}.Debug|Any CPU.ActiveCfg = Debug|Any CPU
		{E781A42E-BC7A-468E-9439-D43D675C1331}.Debug|Any CPU.Build.0 = Debug|Any CPU
		{E781A42E-BC7A-468E-9439-D43D675C1331}.Release|Any CPU.ActiveCfg = Release|Any CPU
		{E781A42E-BC7A-468E-9439-D43D675C1331}.Release|Any CPU.Build.0 = Release|Any CPU
		{A8EE00CD-8C30-493D-A45A-3CC195362620}.Debug|Any CPU.ActiveCfg = Debug|Any CPU
		{A8EE00CD-8C30-493D-A45A-3CC195362620}.Debug|Any CPU.Build.0 = Debug|Any CPU
		{A8EE00CD-8C30-493D-A45A-3CC195362620}.Release|Any CPU.ActiveCfg = Release|Any CPU
		{A8EE00CD-8C30-493D-A45A-3CC195362620}.Release|Any CPU.Build.0 = Release|Any CPU
		{ACBB3145-4C81-4C58-983E-A06B120F0CDA}.Debug|Any CPU.ActiveCfg = Debug|Any CPU
		{ACBB3145-4C81-4C58-983E-A06B120F0CDA}.Debug|Any CPU.Build.0 = Debug|Any CPU
		{ACBB3145-4C81-4C58-983E-A06B120F0CDA}.Release|Any CPU.ActiveCfg = Release|Any CPU
		{ACBB3145-4C81-4C58-983E-A06B120F0CDA}.Release|Any CPU.Build.0 = Release|Any CPU
		{5C5BEE35-16A5-4D34-A4BF-9ADD6665292D}.Debug|Any CPU.ActiveCfg = Debug|Any CPU
		{5C5BEE35-16A5-4D34-A4BF-9ADD6665292D}.Debug|Any CPU.Build.0 = Debug|Any CPU
		{5C5BEE35-16A5-4D34-A4BF-9ADD6665292D}.Release|Any CPU.ActiveCfg = Release|Any CPU
		{5C5BEE35-16A5-4D34-A4BF-9ADD6665292D}.Release|Any CPU.Build.0 = Release|Any CPU
		{09088DE0-3A76-4C03-B695-228951370BD3}.Debug|Any CPU.ActiveCfg = Debug|Any CPU
		{09088DE0-3A76-4C03-B695-228951370BD3}.Debug|Any CPU.Build.0 = Debug|Any CPU
		{09088DE0-3A76-4C03-B695-228951370BD3}.Release|Any CPU.ActiveCfg = Release|Any CPU
		{09088DE0-3A76-4C03-B695-228951370BD3}.Release|Any CPU.Build.0 = Release|Any CPU
		{6BD51323-B03F-4DC4-AAD0-F88DE23FE863}.Debug|Any CPU.ActiveCfg = Debug|Any CPU
		{6BD51323-B03F-4DC4-AAD0-F88DE23FE863}.Debug|Any CPU.Build.0 = Debug|Any CPU
		{6BD51323-B03F-4DC4-AAD0-F88DE23FE863}.Release|Any CPU.ActiveCfg = Release|Any CPU
		{6BD51323-B03F-4DC4-AAD0-F88DE23FE863}.Release|Any CPU.Build.0 = Release|Any CPU
		{02DAD318-C5BA-4B77-A600-EE8A4BE35BE7}.Debug|Any CPU.ActiveCfg = Debug|Any CPU
		{02DAD318-C5BA-4B77-A600-EE8A4BE35BE7}.Debug|Any CPU.Build.0 = Debug|Any CPU
		{02DAD318-C5BA-4B77-A600-EE8A4BE35BE7}.Release|Any CPU.ActiveCfg = Release|Any CPU
		{02DAD318-C5BA-4B77-A600-EE8A4BE35BE7}.Release|Any CPU.Build.0 = Release|Any CPU
		{B7A4D2CE-1B41-4608-ADEB-8A3B8597C3A2}.Debug|Any CPU.ActiveCfg = Debug|Any CPU
		{B7A4D2CE-1B41-4608-ADEB-8A3B8597C3A2}.Debug|Any CPU.Build.0 = Debug|Any CPU
		{B7A4D2CE-1B41-4608-ADEB-8A3B8597C3A2}.Release|Any CPU.ActiveCfg = Release|Any CPU
		{B7A4D2CE-1B41-4608-ADEB-8A3B8597C3A2}.Release|Any CPU.Build.0 = Release|Any CPU
		{1D53643E-52BF-40C1-934E-0786855BD0DD}.Debug|Any CPU.ActiveCfg = Debug|Any CPU
		{1D53643E-52BF-40C1-934E-0786855BD0DD}.Debug|Any CPU.Build.0 = Debug|Any CPU
		{1D53643E-52BF-40C1-934E-0786855BD0DD}.Release|Any CPU.ActiveCfg = Release|Any CPU
		{1D53643E-52BF-40C1-934E-0786855BD0DD}.Release|Any CPU.Build.0 = Release|Any CPU
	EndGlobalSection
	GlobalSection(SolutionProperties) = preSolution
		HideSolutionNode = FALSE
	EndGlobalSection
	GlobalSection(NestedProjects) = preSolution
		{B706B284-D141-4B93-9E17-FCEF815B6FAC} = {059333C9-9855-4A6E-9C44-6B863A7A32F3}
		{0125F061-83AC-4AC0-A2E6-B12ED4678994} = {B706B284-D141-4B93-9E17-FCEF815B6FAC}
		{8866A335-443C-445C-AA2C-090608DAF856} = {059333C9-9855-4A6E-9C44-6B863A7A32F3}
		{E781A42E-BC7A-468E-9439-D43D675C1331} = {8866A335-443C-445C-AA2C-090608DAF856}
		{2D7E64F2-0600-4771-99A7-F93789501CF7} = {059333C9-9855-4A6E-9C44-6B863A7A32F3}
		{A8EE00CD-8C30-493D-A45A-3CC195362620} = {2D7E64F2-0600-4771-99A7-F93789501CF7}
		{B8C3B4EF-BFE2-4DE3-A3B1-C121515AD241} = {059333C9-9855-4A6E-9C44-6B863A7A32F3}
		{ACBB3145-4C81-4C58-983E-A06B120F0CDA} = {B8C3B4EF-BFE2-4DE3-A3B1-C121515AD241}
		{4DED97FC-7D76-4D31-BEB2-328F6FF9DC5B} = {059333C9-9855-4A6E-9C44-6B863A7A32F3}
		{5C5BEE35-16A5-4D34-A4BF-9ADD6665292D} = {4DED97FC-7D76-4D31-BEB2-328F6FF9DC5B}
		{09088DE0-3A76-4C03-B695-228951370BD3} = {4DED97FC-7D76-4D31-BEB2-328F6FF9DC5B}
		{6BD51323-B03F-4DC4-AAD0-F88DE23FE863} = {4DED97FC-7D76-4D31-BEB2-328F6FF9DC5B}
		{02DAD318-C5BA-4B77-A600-EE8A4BE35BE7} = {8866A335-443C-445C-AA2C-090608DAF856}
		{B7A4D2CE-1B41-4608-ADEB-8A3B8597C3A2} = {8866A335-443C-445C-AA2C-090608DAF856}
		{1D53643E-52BF-40C1-934E-0786855BD0DD} = {B706B284-D141-4B93-9E17-FCEF815B6FAC}
	EndGlobalSection
	GlobalSection(ExtensibilityGlobals) = postSolution
		SolutionGuid = {927C55F2-C7D3-46F6-A101-497ECA65CFDB}
	EndGlobalSection
EndGlobal
